// !$*UTF8*$!
{
	archiveVersion = 1;
	classes = {
	};
	objectVersion = 48;
	objects = {

/* Begin PBXBuildFile section */
		A5FCA41D7C285C5792BA0DBC /* Pods_iOS_API.framework in Frameworks */ = {isa = PBXBuildFile; fileRef = 02A136234207EAE036F18357 /* Pods_iOS_API.framework */; };
		D700FBBB204E54170012E1F6 /* ProfileViewController.swift in Sources */ = {isa = PBXBuildFile; fileRef = D700FBBA204E54170012E1F6 /* ProfileViewController.swift */; };
		D74534B82060A918003A7A31 /* QRCodeViewController.swift in Sources */ = {isa = PBXBuildFile; fileRef = D74534B72060A918003A7A31 /* QRCodeViewController.swift */; };
		D7696235204CFD4300D4F59A /* LoginViewController.swift in Sources */ = {isa = PBXBuildFile; fileRef = D7696234204CFD4300D4F59A /* LoginViewController.swift */; };
		D789AEFD207723090024C97C /* SignupViewController.swift in Sources */ = {isa = PBXBuildFile; fileRef = D789AEFC207723090024C97C /* SignupViewController.swift */; };
		D789AEFF207723E80024C97C /* ViewController.swift in Sources */ = {isa = PBXBuildFile; fileRef = D789AEFE207723E80024C97C /* ViewController.swift */; };
		D7DD3A9B204CEDB10052CE95 /* AppDelegate.swift in Sources */ = {isa = PBXBuildFile; fileRef = D7DD3A9A204CEDB10052CE95 /* AppDelegate.swift */; };
		D7DD3AA0204CEDB10052CE95 /* Main.storyboard in Resources */ = {isa = PBXBuildFile; fileRef = D7DD3A9E204CEDB10052CE95 /* Main.storyboard */; };
		D7DD3AA2204CEDB10052CE95 /* Assets.xcassets in Resources */ = {isa = PBXBuildFile; fileRef = D7DD3AA1204CEDB10052CE95 /* Assets.xcassets */; };
		D7DD3AA5204CEDB10052CE95 /* LaunchScreen.storyboard in Resources */ = {isa = PBXBuildFile; fileRef = D7DD3AA3204CEDB10052CE95 /* LaunchScreen.storyboard */; };
/* End PBXBuildFile section */

/* Begin PBXFileReference section */
		02A136234207EAE036F18357 /* Pods_iOS_API.framework */ = {isa = PBXFileReference; explicitFileType = wrapper.framework; includeInIndex = 0; path = Pods_iOS_API.framework; sourceTree = BUILT_PRODUCTS_DIR; };
		67F83C59F6634E2D2E968034 /* Pods-iOS_API.debug.xcconfig */ = {isa = PBXFileReference; includeInIndex = 1; lastKnownFileType = text.xcconfig; name = "Pods-iOS_API.debug.xcconfig"; path = "Pods/Target Support Files/Pods-iOS_API/Pods-iOS_API.debug.xcconfig"; sourceTree = "<group>"; };
		D700FBBA204E54170012E1F6 /* ProfileViewController.swift */ = {isa = PBXFileReference; lastKnownFileType = sourcecode.swift; path = ProfileViewController.swift; sourceTree = "<group>"; };
		D74534B72060A918003A7A31 /* QRCodeViewController.swift */ = {isa = PBXFileReference; lastKnownFileType = sourcecode.swift; path = QRCodeViewController.swift; sourceTree = "<group>"; };
		D7696234204CFD4300D4F59A /* LoginViewController.swift */ = {isa = PBXFileReference; lastKnownFileType = sourcecode.swift; path = LoginViewController.swift; sourceTree = "<group>"; };
		D789AEFC207723090024C97C /* SignupViewController.swift */ = {isa = PBXFileReference; lastKnownFileType = sourcecode.swift; path = SignupViewController.swift; sourceTree = "<group>"; };
		D789AEFE207723E80024C97C /* ViewController.swift */ = {isa = PBXFileReference; lastKnownFileType = sourcecode.swift; path = ViewController.swift; sourceTree = "<group>"; };
		D7DD3A97204CEDB10052CE95 /* iOS_API.app */ = {isa = PBXFileReference; explicitFileType = wrapper.application; includeInIndex = 0; path = iOS_API.app; sourceTree = BUILT_PRODUCTS_DIR; };
		D7DD3A9A204CEDB10052CE95 /* AppDelegate.swift */ = {isa = PBXFileReference; lastKnownFileType = sourcecode.swift; path = AppDelegate.swift; sourceTree = "<group>"; };
		D7DD3A9F204CEDB10052CE95 /* Base */ = {isa = PBXFileReference; lastKnownFileType = file.storyboard; name = Base; path = Base.lproj/Main.storyboard; sourceTree = "<group>"; };
		D7DD3AA1204CEDB10052CE95 /* Assets.xcassets */ = {isa = PBXFileReference; lastKnownFileType = folder.assetcatalog; path = Assets.xcassets; sourceTree = "<group>"; };
		D7DD3AA4204CEDB10052CE95 /* Base */ = {isa = PBXFileReference; lastKnownFileType = file.storyboard; name = Base; path = Base.lproj/LaunchScreen.storyboard; sourceTree = "<group>"; };
		D7DD3AA6204CEDB10052CE95 /* Info.plist */ = {isa = PBXFileReference; lastKnownFileType = text.plist.xml; path = Info.plist; sourceTree = "<group>"; };
		DC6DAF21CB99FAA56D750590 /* Pods-iOS_API.release.xcconfig */ = {isa = PBXFileReference; includeInIndex = 1; lastKnownFileType = text.xcconfig; name = "Pods-iOS_API.release.xcconfig"; path = "Pods/Target Support Files/Pods-iOS_API/Pods-iOS_API.release.xcconfig"; sourceTree = "<group>"; };
/* End PBXFileReference section */

/* Begin PBXFrameworksBuildPhase section */
		D7DD3A94204CEDB10052CE95 /* Frameworks */ = {
			isa = PBXFrameworksBuildPhase;
			buildActionMask = 2147483647;
			files = (
				A5FCA41D7C285C5792BA0DBC /* Pods_iOS_API.framework in Frameworks */,
			);
			runOnlyForDeploymentPostprocessing = 0;
		};
/* End PBXFrameworksBuildPhase section */

/* Begin PBXGroup section */
		1CAB6FDAA2BA662840F8E022 /* Pods */ = {
			isa = PBXGroup;
			children = (
				67F83C59F6634E2D2E968034 /* Pods-iOS_API.debug.xcconfig */,
				DC6DAF21CB99FAA56D750590 /* Pods-iOS_API.release.xcconfig */,
			);
			name = Pods;
			sourceTree = "<group>";
		};
		94E49827675755AD6AC8EC1C /* Frameworks */ = {
			isa = PBXGroup;
			children = (
				02A136234207EAE036F18357 /* Pods_iOS_API.framework */,
			);
			name = Frameworks;
			sourceTree = "<group>";
		};
		D7DD3A8E204CEDB10052CE95 = {
			isa = PBXGroup;
			children = (
				D7DD3A99204CEDB10052CE95 /* iOS_API */,
				D7DD3A98204CEDB10052CE95 /* Products */,
				1CAB6FDAA2BA662840F8E022 /* Pods */,
				94E49827675755AD6AC8EC1C /* Frameworks */,
			);
			sourceTree = "<group>";
		};
		D7DD3A98204CEDB10052CE95 /* Products */ = {
			isa = PBXGroup;
			children = (
				D7DD3A97204CEDB10052CE95 /* iOS_API.app */,
			);
			name = Products;
			sourceTree = "<group>";
		};
		D7DD3A99204CEDB10052CE95 /* iOS_API */ = {
			isa = PBXGroup;
			children = (
				D7DD3A9A204CEDB10052CE95 /* AppDelegate.swift */,
				D789AEFE207723E80024C97C /* ViewController.swift */,
				D789AEFC207723090024C97C /* SignupViewController.swift */,
				D7696234204CFD4300D4F59A /* LoginViewController.swift */,
				D700FBBA204E54170012E1F6 /* ProfileViewController.swift */,
				D74534B72060A918003A7A31 /* QRCodeViewController.swift */,
				D7DD3A9E204CEDB10052CE95 /* Main.storyboard */,
				D7DD3AA1204CEDB10052CE95 /* Assets.xcassets */,
				D7DD3AA3204CEDB10052CE95 /* LaunchScreen.storyboard */,
				D7DD3AA6204CEDB10052CE95 /* Info.plist */,
			);
			path = iOS_API;
			sourceTree = "<group>";
		};
/* End PBXGroup section */

/* Begin PBXNativeTarget section */
		D7DD3A96204CEDB10052CE95 /* iOS_API */ = {
			isa = PBXNativeTarget;
			buildConfigurationList = D7DD3AA9204CEDB10052CE95 /* Build configuration list for PBXNativeTarget "iOS_API" */;
			buildPhases = (
				D0776ACA3BA4CBD84FD7F12B /* [CP] Check Pods Manifest.lock */,
				D7DD3A93204CEDB10052CE95 /* Sources */,
				D7DD3A94204CEDB10052CE95 /* Frameworks */,
				D7DD3A95204CEDB10052CE95 /* Resources */,
				1C177EE673A437273BEC37C5 /* [CP] Embed Pods Frameworks */,
				CE49E58401C88744C98B10AA /* [CP] Copy Pods Resources */,
			);
			buildRules = (
			);
			dependencies = (
			);
			name = iOS_API;
			productName = iOS_API;
			productReference = D7DD3A97204CEDB10052CE95 /* iOS_API.app */;
			productType = "com.apple.product-type.application";
		};
/* End PBXNativeTarget section */

/* Begin PBXProject section */
		D7DD3A8F204CEDB10052CE95 /* Project object */ = {
			isa = PBXProject;
			attributes = {
				LastSwiftUpdateCheck = 0920;
				LastUpgradeCheck = 0920;
				ORGANIZATIONNAME = Computer;
				TargetAttributes = {
					D7DD3A96204CEDB10052CE95 = {
						CreatedOnToolsVersion = 9.2;
						ProvisioningStyle = Automatic;
					};
				};
			};
			buildConfigurationList = D7DD3A92204CEDB10052CE95 /* Build configuration list for PBXProject "iOS_API" */;
			compatibilityVersion = "Xcode 8.0";
			developmentRegion = en;
			hasScannedForEncodings = 0;
			knownRegions = (
				en,
				Base,
			);
			mainGroup = D7DD3A8E204CEDB10052CE95;
			productRefGroup = D7DD3A98204CEDB10052CE95 /* Products */;
			projectDirPath = "";
			projectRoot = "";
			targets = (
				D7DD3A96204CEDB10052CE95 /* iOS_API */,
			);
		};
/* End PBXProject section */

/* Begin PBXResourcesBuildPhase section */
		D7DD3A95204CEDB10052CE95 /* Resources */ = {
			isa = PBXResourcesBuildPhase;
			buildActionMask = 2147483647;
			files = (
				D7DD3AA5204CEDB10052CE95 /* LaunchScreen.storyboard in Resources */,
				D7DD3AA2204CEDB10052CE95 /* Assets.xcassets in Resources */,
				D7DD3AA0204CEDB10052CE95 /* Main.storyboard in Resources */,
			);
			runOnlyForDeploymentPostprocessing = 0;
		};
/* End PBXResourcesBuildPhase section */

/* Begin PBXShellScriptBuildPhase section */
		1C177EE673A437273BEC37C5 /* [CP] Embed Pods Frameworks */ = {
			isa = PBXShellScriptBuildPhase;
			buildActionMask = 2147483647;
			files = (
			);
			inputPaths = (
			);
			name = "[CP] Embed Pods Frameworks";
			outputPaths = (
			);
			runOnlyForDeploymentPostprocessing = 0;
			shellPath = /bin/sh;
			shellScript = "\"${SRCROOT}/Pods/Target Support Files/Pods-iOS_API/Pods-iOS_API-frameworks.sh\"\n";
			showEnvVarsInLog = 0;
		};
		CE49E58401C88744C98B10AA /* [CP] Copy Pods Resources */ = {
			isa = PBXShellScriptBuildPhase;
			buildActionMask = 2147483647;
			files = (
			);
			inputPaths = (
			);
			name = "[CP] Copy Pods Resources";
			outputPaths = (
			);
			runOnlyForDeploymentPostprocessing = 0;
			shellPath = /bin/sh;
			shellScript = "\"${SRCROOT}/Pods/Target Support Files/Pods-iOS_API/Pods-iOS_API-resources.sh\"\n";
			showEnvVarsInLog = 0;
		};
		D0776ACA3BA4CBD84FD7F12B /* [CP] Check Pods Manifest.lock */ = {
			isa = PBXShellScriptBuildPhase;
			buildActionMask = 2147483647;
			files = (
			);
			inputPaths = (
			);
			name = "[CP] Check Pods Manifest.lock";
			outputPaths = (
			);
			runOnlyForDeploymentPostprocessing = 0;
			shellPath = /bin/sh;
			shellScript = "diff \"${PODS_PODFILE_DIR_PATH}/Podfile.lock\" \"${PODS_ROOT}/Manifest.lock\" > /dev/null\nif [ $? != 0 ] ; then\n    # print error to STDERR\n    echo \"error: The sandbox is not in sync with the Podfile.lock. Run 'pod install' or update your CocoaPods installation.\" >&2\n    exit 1\nfi\n";
			showEnvVarsInLog = 0;
		};
/* End PBXShellScriptBuildPhase section */

/* Begin PBXSourcesBuildPhase section */
		D7DD3A93204CEDB10052CE95 /* Sources */ = {
			isa = PBXSourcesBuildPhase;
			buildActionMask = 2147483647;
			files = (
				D789AEFF207723E80024C97C /* ViewController.swift in Sources */,
				D789AEFD207723090024C97C /* SignupViewController.swift in Sources */,
				D7696235204CFD4300D4F59A /* LoginViewController.swift in Sources */,
				D700FBBB204E54170012E1F6 /* ProfileViewController.swift in Sources */,
				D7DD3A9B204CEDB10052CE95 /* AppDelegate.swift in Sources */,
				D74534B82060A918003A7A31 /* QRCodeViewController.swift in Sources */,
			);
			runOnlyForDeploymentPostprocessing = 0;
		};
/* End PBXSourcesBuildPhase section */

/* Begin PBXVariantGroup section */
		D7DD3A9E204CEDB10052CE95 /* Main.storyboard */ = {
			isa = PBXVariantGroup;
			children = (
				D7DD3A9F204CEDB10052CE95 /* Base */,
			);
			name = Main.storyboard;
			sourceTree = "<group>";
		};
		D7DD3AA3204CEDB10052CE95 /* LaunchScreen.storyboard */ = {
			isa = PBXVariantGroup;
			children = (
				D7DD3AA4204CEDB10052CE95 /* Base */,
			);
			name = LaunchScreen.storyboard;
			sourceTree = "<group>";
		};
/* End PBXVariantGroup section */

/* Begin XCBuildConfiguration section */
		D7DD3AA7204CEDB10052CE95 /* Debug */ = {
			isa = XCBuildConfiguration;
			buildSettings = {
				ALWAYS_SEARCH_USER_PATHS = NO;
				CLANG_ANALYZER_NONNULL = YES;
				CLANG_ANALYZER_NUMBER_OBJECT_CONVERSION = YES_AGGRESSIVE;
				CLANG_CXX_LANGUAGE_STANDARD = "gnu++14";
				CLANG_CXX_LIBRARY = "libc++";
				CLANG_ENABLE_MODULES = YES;
				CLANG_ENABLE_OBJC_ARC = YES;
				CLANG_WARN_BLOCK_CAPTURE_AUTORELEASING = YES;
				CLANG_WARN_BOOL_CONVERSION = YES;
				CLANG_WARN_COMMA = YES;
				CLANG_WARN_CONSTANT_CONVERSION = YES;
				CLANG_WARN_DIRECT_OBJC_ISA_USAGE = YES_ERROR;
				CLANG_WARN_DOCUMENTATION_COMMENTS = YES;
				CLANG_WARN_EMPTY_BODY = YES;
				CLANG_WARN_ENUM_CONVERSION = YES;
				CLANG_WARN_INFINITE_RECURSION = YES;
				CLANG_WARN_INT_CONVERSION = YES;
				CLANG_WARN_NON_LITERAL_NULL_CONVERSION = YES;
				CLANG_WARN_OBJC_LITERAL_CONVERSION = YES;
				CLANG_WARN_OBJC_ROOT_CLASS = YES_ERROR;
				CLANG_WARN_RANGE_LOOP_ANALYSIS = YES;
				CLANG_WARN_STRICT_PROTOTYPES = YES;
				CLANG_WARN_SUSPICIOUS_MOVE = YES;
				CLANG_WARN_UNGUARDED_AVAILABILITY = YES_AGGRESSIVE;
				CLANG_WARN_UNREACHABLE_CODE = YES;
				CLANG_WARN__DUPLICATE_METHOD_MATCH = YES;
				CODE_SIGN_IDENTITY = "iPhone Developer";
				COPY_PHASE_STRIP = NO;
				DEBUG_INFORMATION_FORMAT = dwarf;
				ENABLE_STRICT_OBJC_MSGSEND = YES;
				ENABLE_TESTABILITY = YES;
				GCC_C_LANGUAGE_STANDARD = gnu11;
				GCC_DYNAMIC_NO_PIC = NO;
				GCC_NO_COMMON_BLOCKS = YES;
				GCC_OPTIMIZATION_LEVEL = 0;
				GCC_PREPROCESSOR_DEFINITIONS = (
					"DEBUG=1",
					"$(inherited)",
				);
				GCC_WARN_64_TO_32_BIT_CONVERSION = YES;
				GCC_WARN_ABOUT_RETURN_TYPE = YES_ERROR;
				GCC_WARN_UNDECLARED_SELECTOR = YES;
				GCC_WARN_UNINITIALIZED_AUTOS = YES_AGGRESSIVE;
				GCC_WARN_UNUSED_FUNCTION = YES;
				GCC_WARN_UNUSED_VARIABLE = YES;
				IPHONEOS_DEPLOYMENT_TARGET = 11.2;
				MTL_ENABLE_DEBUG_INFO = YES;
				ONLY_ACTIVE_ARCH = YES;
				SDKROOT = iphoneos;
				SWIFT_ACTIVE_COMPILATION_CONDITIONS = DEBUG;
				SWIFT_OPTIMIZATION_LEVEL = "-Onone";
			};
			name = Debug;
		};
		D7DD3AA8204CEDB10052CE95 /* Release */ = {
			isa = XCBuildConfiguration;
			buildSettings = {
				ALWAYS_SEARCH_USER_PATHS = NO;
				CLANG_ANALYZER_NONNULL = YES;
				CLANG_ANALYZER_NUMBER_OBJECT_CONVERSION = YES_AGGRESSIVE;
				CLANG_CXX_LANGUAGE_STANDARD = "gnu++14";
				CLANG_CXX_LIBRARY = "libc++";
				CLANG_ENABLE_MODULES = YES;
				CLANG_ENABLE_OBJC_ARC = YES;
				CLANG_WARN_BLOCK_CAPTURE_AUTORELEASING = YES;
				CLANG_WARN_BOOL_CONVERSION = YES;
				CLANG_WARN_COMMA = YES;
				CLANG_WARN_CONSTANT_CONVERSION = YES;
				CLANG_WARN_DIRECT_OBJC_ISA_USAGE = YES_ERROR;
				CLANG_WARN_DOCUMENTATION_COMMENTS = YES;
				CLANG_WARN_EMPTY_BODY = YES;
				CLANG_WARN_ENUM_CONVERSION = YES;
				CLANG_WARN_INFINITE_RECURSION = YES;
				CLANG_WARN_INT_CONVERSION = YES;
				CLANG_WARN_NON_LITERAL_NULL_CONVERSION = YES;
				CLANG_WARN_OBJC_LITERAL_CONVERSION = YES;
				CLANG_WARN_OBJC_ROOT_CLASS = YES_ERROR;
				CLANG_WARN_RANGE_LOOP_ANALYSIS = YES;
				CLANG_WARN_STRICT_PROTOTYPES = YES;
				CLANG_WARN_SUSPICIOUS_MOVE = YES;
				CLANG_WARN_UNGUARDED_AVAILABILITY = YES_AGGRESSIVE;
				CLANG_WARN_UNREACHABLE_CODE = YES;
				CLANG_WARN__DUPLICATE_METHOD_MATCH = YES;
				CODE_SIGN_IDENTITY = "iPhone Developer";
				COPY_PHASE_STRIP = NO;
				DEBUG_INFORMATION_FORMAT = "dwarf-with-dsym";
				ENABLE_NS_ASSERTIONS = NO;
				ENABLE_STRICT_OBJC_MSGSEND = YES;
				GCC_C_LANGUAGE_STANDARD = gnu11;
				GCC_NO_COMMON_BLOCKS = YES;
				GCC_WARN_64_TO_32_BIT_CONVERSION = YES;
				GCC_WARN_ABOUT_RETURN_TYPE = YES_ERROR;
				GCC_WARN_UNDECLARED_SELECTOR = YES;
				GCC_WARN_UNINITIALIZED_AUTOS = YES_AGGRESSIVE;
				GCC_WARN_UNUSED_FUNCTION = YES;
				GCC_WARN_UNUSED_VARIABLE = YES;
				IPHONEOS_DEPLOYMENT_TARGET = 11.2;
				MTL_ENABLE_DEBUG_INFO = NO;
				SDKROOT = iphoneos;
				SWIFT_OPTIMIZATION_LEVEL = "-Owholemodule";
				VALIDATE_PRODUCT = YES;
			};
			name = Release;
		};
		D7DD3AAA204CEDB10052CE95 /* Debug */ = {
			isa = XCBuildConfiguration;
			baseConfigurationReference = 67F83C59F6634E2D2E968034 /* Pods-iOS_API.debug.xcconfig */;
			buildSettings = {
				ASSETCATALOG_COMPILER_APPICON_NAME = AppIcon;
				CODE_SIGN_STYLE = Automatic;
				DEVELOPMENT_TEAM = VE2B42G3B7;
				INFOPLIST_FILE = iOS_API/Info.plist;
				IPHONEOS_DEPLOYMENT_TARGET = 9.0;
				LD_RUNPATH_SEARCH_PATHS = "$(inherited) @executable_path/Frameworks";
				PRODUCT_BUNDLE_IDENTIFIER = "kh.com.bothboth.iOS-API";
				PRODUCT_NAME = "$(TARGET_NAME)";
				SWIFT_VERSION = 4.0;
				TARGETED_DEVICE_FAMILY = "1,2";
			};
			name = Debug;
		};
		D7DD3AAB204CEDB10052CE95 /* Release */ = {
			isa = XCBuildConfiguration;
			baseConfigurationReference = DC6DAF21CB99FAA56D750590 /* Pods-iOS_API.release.xcconfig */;
			buildSettings = {
				ASSETCATALOG_COMPILER_APPICON_NAME = AppIcon;
				CODE_SIGN_STYLE = Automatic;
				DEVELOPMENT_TEAM = VE2B42G3B7;
				INFOPLIST_FILE = iOS_API/Info.plist;
				IPHONEOS_DEPLOYMENT_TARGET = 9.0;
				LD_RUNPATH_SEARCH_PATHS = "$(inherited) @executable_path/Frameworks";
				PRODUCT_BUNDLE_IDENTIFIER = "kh.com.bothboth.iOS-API";
				PRODUCT_NAME = "$(TARGET_NAME)";
				SWIFT_VERSION = 4.0;
				TARGETED_DEVICE_FAMILY = "1,2";
			};
			name = Release;
		};
/* End XCBuildConfiguration section */

/* Begin XCConfigurationList section */
		D7DD3A92204CEDB10052CE95 /* Build configuration list for PBXProject "iOS_API" */ = {
			isa = XCConfigurationList;
			buildConfigurations = (
				D7DD3AA7204CEDB10052CE95 /* Debug */,
				D7DD3AA8204CEDB10052CE95 /* Release */,
			);
			defaultConfigurationIsVisible = 0;
			defaultConfigurationName = Release;
		};
		D7DD3AA9204CEDB10052CE95 /* Build configuration list for PBXNativeTarget "iOS_API" */ = {
			isa = XCConfigurationList;
			buildConfigurations = (
				D7DD3AAA204CEDB10052CE95 /* Debug */,
				D7DD3AAB204CEDB10052CE95 /* Release */,
			);
			defaultConfigurationIsVisible = 0;
			defaultConfigurationName = Release;
		};
/* End XCConfigurationList section */
	};
	rootObject = D7DD3A8F204CEDB10052CE95 /* Project object */;
}
